
Microsoft Visual Studio Solution File, Format Version 12.00
# Visual Studio Version 16
VisualStudioVersion = 16.0.30114.105
MinimumVisualStudioVersion = 10.0.40219.1
Project("{FAE04EC0-301F-11D3-BF4B-00C04F79EFBC}") = "API", "API\API.csproj", "{4A9BAE48-59DD-4AE5-89D2-2F4D0299D513}"
EndProject
Project("{FAE04EC0-301F-11D3-BF4B-00C04F79EFBC}") = "Application", "Application\Application.csproj", "{9E0697BF-1158-4578-BFBB-E7C973E5E212}"
EndProject
Project("{FAE04EC0-301F-11D3-BF4B-00C04F79EFBC}") = "Persistence", "Persistence\Persistence.csproj", "{5256E4B0-E8C1-4C6D-8ACC-B015F0AD683B}"
EndProject
Project("{FAE04EC0-301F-11D3-BF4B-00C04F79EFBC}") = "Domain", "Domain\Domain.csproj", "{90B88629-0691-43DD-942D-650989FF84E4}"
EndProject
Global
	GlobalSection(SolutionConfigurationPlatforms) = preSolution
		Debug|Any CPU = Debug|Any CPU
		Release|Any CPU = Release|Any CPU
	EndGlobalSection
	GlobalSection(SolutionProperties) = preSolution
		HideSolutionNode = FALSE
	EndGlobalSection
	GlobalSection(ProjectConfigurationPlatforms) = postSolution
		{4A9BAE48-59DD-4AE5-89D2-2F4D0299D513}.Debug|Any CPU.ActiveCfg = Debug|Any CPU
		{4A9BAE48-59DD-4AE5-89D2-2F4D0299D513}.Debug|Any CPU.Build.0 = Debug|Any CPU
		{4A9BAE48-59DD-4AE5-89D2-2F4D0299D513}.Release|Any CPU.ActiveCfg = Release|Any CPU
		{4A9BAE48-59DD-4AE5-89D2-2F4D0299D513}.Release|Any CPU.Build.0 = Release|Any CPU
		{9E0697BF-1158-4578-BFBB-E7C973E5E212}.Debug|Any CPU.ActiveCfg = Debug|Any CPU
		{9E0697BF-1158-4578-BFBB-E7C973E5E212}.Debug|Any CPU.Build.0 = Debug|Any CPU
		{9E0697BF-1158-4578-BFBB-E7C973E5E212}.Release|Any CPU.ActiveCfg = Release|Any CPU
		{9E0697BF-1158-4578-BFBB-E7C973E5E212}.Release|Any CPU.Build.0 = Release|Any CPU
		{5256E4B0-E8C1-4C6D-8ACC-B015F0AD683B}.Debug|Any CPU.ActiveCfg = Debug|Any CPU
		{5256E4B0-E8C1-4C6D-8ACC-B015F0AD683B}.Debug|Any CPU.Build.0 = Debug|Any CPU
		{5256E4B0-E8C1-4C6D-8ACC-B015F0AD683B}.Release|Any CPU.ActiveCfg = Release|Any CPU
		{5256E4B0-E8C1-4C6D-8ACC-B015F0AD683B}.Release|Any CPU.Build.0 = Release|Any CPU
		{90B88629-0691-43DD-942D-650989FF84E4}.Debug|Any CPU.ActiveCfg = Debug|Any CPU
		{90B88629-0691-43DD-942D-650989FF84E4}.Debug|Any CPU.Build.0 = Debug|Any CPU
		{90B88629-0691-43DD-942D-650989FF84E4}.Release|Any CPU.ActiveCfg = Release|Any CPU
		{90B88629-0691-43DD-942D-650989FF84E4}.Release|Any CPU.Build.0 = Release|Any CPU
	EndGlobalSection
EndGlobal
